// !$*UTF8*$!
{
	archiveVersion = 1;
	classes = {
	};
	objectVersion = 56;
	objects = {

/* Begin PBXBuildFile section */
		15FA04DB290D9099004D35A4 /* AppDelegate.swift in Sources */ = {isa = PBXBuildFile; fileRef = 15FA04DA290D9099004D35A4 /* AppDelegate.swift */; };
		15FA04DD290D9099004D35A4 /* SceneDelegate.swift in Sources */ = {isa = PBXBuildFile; fileRef = 15FA04DC290D9099004D35A4 /* SceneDelegate.swift */; };
		15FA04DF290D9099004D35A4 /* ViewController.swift in Sources */ = {isa = PBXBuildFile; fileRef = 15FA04DE290D9099004D35A4 /* ViewController.swift */; };
		15FA04E2290D9099004D35A4 /* Main.storyboard in Resources */ = {isa = PBXBuildFile; fileRef = 15FA04E0290D9099004D35A4 /* Main.storyboard */; };
		15FA04E4290D9099004D35A4 /* Assets.xcassets in Resources */ = {isa = PBXBuildFile; fileRef = 15FA04E3290D9099004D35A4 /* Assets.xcassets */; };
		15FA04E7290D9099004D35A4 /* LaunchScreen.storyboard in Resources */ = {isa = PBXBuildFile; fileRef = 15FA04E5290D9099004D35A4 /* LaunchScreen.storyboard */; };
		15FA04EF290D94B1004D35A4 /* DogImage.swift in Sources */ = {isa = PBXBuildFile; fileRef = 15FA04EE290D94B1004D35A4 /* DogImage.swift */; };
		15FA04F1290D9526004D35A4 /* DogBreed.swift in Sources */ = {isa = PBXBuildFile; fileRef = 15FA04F0290D9526004D35A4 /* DogBreed.swift */; };
		15FA04F3290D95E5004D35A4 /* BreedListTableViewController.swift in Sources */ = {isa = PBXBuildFile; fileRef = 15FA04F2290D95E5004D35A4 /* BreedListTableViewController.swift */; };
		15FA04F5290D9958004D35A4 /* APIHelper.swift in Sources */ = {isa = PBXBuildFile; fileRef = 15FA04F4290D9958004D35A4 /* APIHelper.swift */; };
/* End PBXBuildFile section */

/* Begin PBXFileReference section */
		15FA04D7290D9099004D35A4 /* WEBSERVICES_API.app */ = {isa = PBXFileReference; explicitFileType = wrapper.application; includeInIndex = 0; path = WEBSERVICES_API.app; sourceTree = BUILT_PRODUCTS_DIR; };
		15FA04DA290D9099004D35A4 /* AppDelegate.swift */ = {isa = PBXFileReference; lastKnownFileType = sourcecode.swift; path = AppDelegate.swift; sourceTree = "<group>"; };
		15FA04DC290D9099004D35A4 /* SceneDelegate.swift */ = {isa = PBXFileReference; lastKnownFileType = sourcecode.swift; path = SceneDelegate.swift; sourceTree = "<group>"; };
		15FA04DE290D9099004D35A4 /* ViewController.swift */ = {isa = PBXFileReference; lastKnownFileType = sourcecode.swift; path = ViewController.swift; sourceTree = "<group>"; };
		15FA04E1290D9099004D35A4 /* Base */ = {isa = PBXFileReference; lastKnownFileType = file.storyboard; name = Base; path = Base.lproj/Main.storyboard; sourceTree = "<group>"; };
		15FA04E3290D9099004D35A4 /* Assets.xcassets */ = {isa = PBXFileReference; lastKnownFileType = folder.assetcatalog; path = Assets.xcassets; sourceTree = "<group>"; };
		15FA04E6290D9099004D35A4 /* Base */ = {isa = PBXFileReference; lastKnownFileType = file.storyboard; name = Base; path = Base.lproj/LaunchScreen.storyboard; sourceTree = "<group>"; };
		15FA04E8290D9099004D35A4 /* Info.plist */ = {isa = PBXFileReference; lastKnownFileType = text.plist.xml; path = Info.plist; sourceTree = "<group>"; };
		15FA04EE290D94B1004D35A4 /* DogImage.swift */ = {isa = PBXFileReference; lastKnownFileType = sourcecode.swift; path = DogImage.swift; sourceTree = "<group>"; };
		15FA04F0290D9526004D35A4 /* DogBreed.swift */ = {isa = PBXFileReference; lastKnownFileType = sourcecode.swift; path = DogBreed.swift; sourceTree = "<group>"; };
		15FA04F2290D95E5004D35A4 /* BreedListTableViewController.swift */ = {isa = PBXFileReference; lastKnownFileType = sourcecode.swift; path = BreedListTableViewController.swift; sourceTree = "<group>"; };
		15FA04F4290D9958004D35A4 /* APIHelper.swift */ = {isa = PBXFileReference; lastKnownFileType = sourcecode.swift; path = APIHelper.swift; sourceTree = "<group>"; };
/* End PBXFileReference section */

/* Begin PBXFrameworksBuildPhase section */
		15FA04D4290D9099004D35A4 /* Frameworks */ = {
			isa = PBXFrameworksBuildPhase;
			buildActionMask = 2147483647;
			files = (
			);
			runOnlyForDeploymentPostprocessing = 0;
		};
/* End PBXFrameworksBuildPhase section */

/* Begin PBXGroup section */
		15FA04CE290D9099004D35A4 = {
			isa = PBXGroup;
			children = (
				15FA04D9290D9099004D35A4 /* WEBSERVICES_API */,
				15FA04D8290D9099004D35A4 /* Products */,
			);
			sourceTree = "<group>";
		};
		15FA04D8290D9099004D35A4 /* Products */ = {
			isa = PBXGroup;
			children = (
				15FA04D7290D9099004D35A4 /* WEBSERVICES_API.app */,
			);
			name = Products;
			sourceTree = "<group>";
		};
		15FA04D9290D9099004D35A4 /* WEBSERVICES_API */ = {
			isa = PBXGroup;
			children = (
				15FA04DA290D9099004D35A4 /* AppDelegate.swift */,
				15FA04DC290D9099004D35A4 /* SceneDelegate.swift */,
				15FA04DE290D9099004D35A4 /* ViewController.swift */,
				15FA04EE290D94B1004D35A4 /* DogImage.swift */,
				15FA04F0290D9526004D35A4 /* DogBreed.swift */,
				15FA04F2290D95E5004D35A4 /* BreedListTableViewController.swift */,
				15FA04F4290D9958004D35A4 /* APIHelper.swift */,
				15FA04E0290D9099004D35A4 /* Main.storyboard */,
				15FA04E3290D9099004D35A4 /* Assets.xcassets */,
				15FA04E5290D9099004D35A4 /* LaunchScreen.storyboard */,
				15FA04E8290D9099004D35A4 /* Info.plist */,
			);
			path = WEBSERVICES_API;
			sourceTree = "<group>";
		};
/* End PBXGroup section */

/* Begin PBXNativeTarget section */
		15FA04D6290D9099004D35A4 /* WEBSERVICES_API */ = {
			isa = PBXNativeTarget;
			buildConfigurationList = 15FA04EB290D9099004D35A4 /* Build configuration list for PBXNativeTarget "WEBSERVICES_API" */;
			buildPhases = (
				15FA04D3290D9099004D35A4 /* Sources */,
				15FA04D4290D9099004D35A4 /* Frameworks */,
				15FA04D5290D9099004D35A4 /* Resources */,
			);
			buildRules = (
			);
			dependencies = (
			);
			name = WEBSERVICES_API;
			productName = WEBSERVICES_API;
			productReference = 15FA04D7290D9099004D35A4 /* WEBSERVICES_API.app */;
			productType = "com.apple.product-type.application";
		};
/* End PBXNativeTarget section */

/* Begin PBXProject section */
		15FA04CF290D9099004D35A4 /* Project object */ = {
			isa = PBXProject;
			attributes = {
				BuildIndependentTargetsInParallel = 1;
				LastSwiftUpdateCheck = 1400;
				LastUpgradeCheck = 1400;
				TargetAttributes = {
					15FA04D6290D9099004D35A4 = {
						CreatedOnToolsVersion = 14.0.1;
					};
				};
			};
			buildConfigurationList = 15FA04D2290D9099004D35A4 /* Build configuration list for PBXProject "WEBSERVICES_API" */;
			compatibilityVersion = "Xcode 14.0";
			developmentRegion = en;
			hasScannedForEncodings = 0;
			knownRegions = (
				en,
				Base,
			);
			mainGroup = 15FA04CE290D9099004D35A4;
			productRefGroup = 15FA04D8290D9099004D35A4 /* Products */;
			projectDirPath = "";
			projectRoot = "";
			targets = (
				15FA04D6290D9099004D35A4 /* WEBSERVICES_API */,
			);
		};
/* End PBXProject section */

/* Begin PBXResourcesBuildPhase section */
		15FA04D5290D9099004D35A4 /* Resources */ = {
			isa = PBXResourcesBuildPhase;
			buildActionMask = 2147483647;
			files = (
				15FA04E7290D9099004D35A4 /* LaunchScreen.storyboard in Resources */,
				15FA04E4290D9099004D35A4 /* Assets.xcassets in Resources */,
				15FA04E2290D9099004D35A4 /* Main.storyboard in Resources */,
			);
			runOnlyForDeploymentPostprocessing = 0;
		};
/* End PBXResourcesBuildPhase section */

/* Begin PBXSourcesBuildPhase section */
		15FA04D3290D9099004D35A4 /* Sources */ = {
			isa = PBXSourcesBuildPhase;
			buildActionMask = 2147483647;
			files = (
				15FA04F5290D9958004D35A4 /* APIHelper.swift in Sources */,
				15FA04DF290D9099004D35A4 /* ViewController.swift in Sources */,
				15FA04DB290D9099004D35A4 /* AppDelegate.swift in Sources */,
				15FA04F3290D95E5004D35A4 /* BreedListTableViewController.swift in Sources */,
				15FA04F1290D9526004D35A4 /* DogBreed.swift in Sources */,
				15FA04EF290D94B1004D35A4 /* DogImage.swift in Sources */,
				15FA04DD290D9099004D35A4 /* SceneDelegate.swift in Sources */,
			);
			runOnlyForDeploymentPostprocessing = 0;
		};
/* End PBXSourcesBuildPhase section */

/* Begin PBXVariantGroup section */
		15FA04E0290D9099004D35A4 /* Main.storyboard */ = {
			isa = PBXVariantGroup;
			children = (
				15FA04E1290D9099004D35A4 /* Base */,
			);
			name = Main.storyboard;
			sourceTree = "<group>";
		};
		15FA04E5290D9099004D35A4 /* LaunchScreen.storyboard */ = {
			isa = PBXVariantGroup;
			children = (
				15FA04E6290D9099004D35A4 /* Base */,
			);
			name = LaunchScreen.storyboard;
			sourceTree = "<group>";
		};
/* End PBXVariantGroup section */

/* Begin XCBuildConfiguration section */
		15FA04E9290D9099004D35A4 /* Debug */ = {
			isa = XCBuildConfiguration;
			buildSettings = {
				ALWAYS_SEARCH_USER_PATHS = NO;
				CLANG_ANALYZER_NONNULL = YES;
				CLANG_ANALYZER_NUMBER_OBJECT_CONVERSION = YES_AGGRESSIVE;
				CLANG_CXX_LANGUAGE_STANDARD = "gnu++20";
				CLANG_ENABLE_MODULES = YES;
				CLANG_ENABLE_OBJC_ARC = YES;
				CLANG_ENABLE_OBJC_WEAK = YES;
				CLANG_WARN_BLOCK_CAPTURE_AUTORELEASING = YES;
				CLANG_WARN_BOOL_CONVERSION = YES;
				CLANG_WARN_COMMA = YES;
				CLANG_WARN_CONSTANT_CONVERSION = YES;
				CLANG_WARN_DEPRECATED_OBJC_IMPLEMENTATIONS = YES;
				CLANG_WARN_DIRECT_OBJC_ISA_USAGE = YES_ERROR;
				CLANG_WARN_DOCUMENTATION_COMMENTS = YES;
				CLANG_WARN_EMPTY_BODY = YES;
				CLANG_WARN_ENUM_CONVERSION = YES;
				CLANG_WARN_INFINITE_RECURSION = YES;
				CLANG_WARN_INT_CONVERSION = YES;
				CLANG_WARN_NON_LITERAL_NULL_CONVERSION = YES;
				CLANG_WARN_OBJC_IMPLICIT_RETAIN_SELF = YES;
				CLANG_WARN_OBJC_LITERAL_CONVERSION = YES;
				CLANG_WARN_OBJC_ROOT_CLASS = YES_ERROR;
				CLANG_WARN_QUOTED_INCLUDE_IN_FRAMEWORK_HEADER = YES;
				CLANG_WARN_RANGE_LOOP_ANALYSIS = YES;
				CLANG_WARN_STRICT_PROTOTYPES = YES;
				CLANG_WARN_SUSPICIOUS_MOVE = YES;
				CLANG_WARN_UNGUARDED_AVAILABILITY = YES_AGGRESSIVE;
				CLANG_WARN_UNREACHABLE_CODE = YES;
				CLANG_WARN__DUPLICATE_METHOD_MATCH = YES;
				COPY_PHASE_STRIP = NO;
				DEBUG_INFORMATION_FORMAT = dwarf;
				ENABLE_STRICT_OBJC_MSGSEND = YES;
				ENABLE_TESTABILITY = YES;
				GCC_C_LANGUAGE_STANDARD = gnu11;
				GCC_DYNAMIC_NO_PIC = NO;
				GCC_NO_COMMON_BLOCKS = YES;
				GCC_OPTIMIZATION_LEVEL = 0;
				GCC_PREPROCESSOR_DEFINITIONS = (
					"DEBUG=1",
					"$(inherited)",
				);
				GCC_WARN_64_TO_32_BIT_CONVERSION = YES;
				GCC_WARN_ABOUT_RETURN_TYPE = YES_ERROR;
				GCC_WARN_UNDECLARED_SELECTOR = YES;
				GCC_WARN_UNINITIALIZED_AUTOS = YES_AGGRESSIVE;
				GCC_WARN_UNUSED_FUNCTION = YES;
				GCC_WARN_UNUSED_VARIABLE = YES;
				IPHONEOS_DEPLOYMENT_TARGET = 16.0;
				MTL_ENABLE_DEBUG_INFO = INCLUDE_SOURCE;
				MTL_FAST_MATH = YES;
				ONLY_ACTIVE_ARCH = YES;
				SDKROOT = iphoneos;
				SWIFT_ACTIVE_COMPILATION_CONDITIONS = DEBUG;
				SWIFT_OPTIMIZATION_LEVEL = "-Onone";
			};
			name = Debug;
		};
		15FA04EA290D9099004D35A4 /* Release */ = {
			isa = XCBuildConfiguration;
			buildSettings = {
				ALWAYS_SEARCH_USER_PATHS = NO;
				CLANG_ANALYZER_NONNULL = YES;
				CLANG_ANALYZER_NUMBER_OBJECT_CONVERSION = YES_AGGRESSIVE;
				CLANG_CXX_LANGUAGE_STANDARD = "gnu++20";
				CLANG_ENABLE_MODULES = YES;
				CLANG_ENABLE_OBJC_ARC = YES;
				CLANG_ENABLE_OBJC_WEAK = YES;
				CLANG_WARN_BLOCK_CAPTURE_AUTORELEASING = YES;
				CLANG_WARN_BOOL_CONVERSION = YES;
				CLANG_WARN_COMMA = YES;
				CLANG_WARN_CONSTANT_CONVERSION = YES;
				CLANG_WARN_DEPRECATED_OBJC_IMPLEMENTATIONS = YES;
				CLANG_WARN_DIRECT_OBJC_ISA_USAGE = YES_ERROR;
				CLANG_WARN_DOCUMENTATION_COMMENTS = YES;
				CLANG_WARN_EMPTY_BODY = YES;
				CLANG_WARN_ENUM_CONVERSION = YES;
				CLANG_WARN_INFINITE_RECURSION = YES;
				CLANG_WARN_INT_CONVERSION = YES;
				CLANG_WARN_NON_LITERAL_NULL_CONVERSION = YES;
				CLANG_WARN_OBJC_IMPLICIT_RETAIN_SELF = YES;
				CLANG_WARN_OBJC_LITERAL_CONVERSION = YES;
				CLANG_WARN_OBJC_ROOT_CLASS = YES_ERROR;
				CLANG_WARN_QUOTED_INCLUDE_IN_FRAMEWORK_HEADER = YES;
				CLANG_WARN_RANGE_LOOP_ANALYSIS = YES;
				CLANG_WARN_STRICT_PROTOTYPES = YES;
				CLANG_WARN_SUSPICIOUS_MOVE = YES;
				CLANG_WARN_UNGUARDED_AVAILABILITY = YES_AGGRESSIVE;
				CLANG_WARN_UNREACHABLE_CODE = YES;
				CLANG_WARN__DUPLICATE_METHOD_MATCH = YES;
				COPY_PHASE_STRIP = NO;
				DEBUG_INFORMATION_FORMAT = "dwarf-with-dsym";
				ENABLE_NS_ASSERTIONS = NO;
				ENABLE_STRICT_OBJC_MSGSEND = YES;
				GCC_C_LANGUAGE_STANDARD = gnu11;
				GCC_NO_COMMON_BLOCKS = YES;
				GCC_WARN_64_TO_32_BIT_CONVERSION = YES;
				GCC_WARN_ABOUT_RETURN_TYPE = YES_ERROR;
				GCC_WARN_UNDECLARED_SELECTOR = YES;
				GCC_WARN_UNINITIALIZED_AUTOS = YES_AGGRESSIVE;
				GCC_WARN_UNUSED_FUNCTION = YES;
				GCC_WARN_UNUSED_VARIABLE = YES;
				IPHONEOS_DEPLOYMENT_TARGET = 16.0;
				MTL_ENABLE_DEBUG_INFO = NO;
				MTL_FAST_MATH = YES;
				SDKROOT = iphoneos;
				SWIFT_COMPILATION_MODE = wholemodule;
				SWIFT_OPTIMIZATION_LEVEL = "-O";
				VALIDATE_PRODUCT = YES;
			};
			name = Release;
		};
		15FA04EC290D9099004D35A4 /* Debug */ = {
			isa = XCBuildConfiguration;
			buildSettings = {
				ASSETCATALOG_COMPILER_APPICON_NAME = AppIcon;
				ASSETCATALOG_COMPILER_GLOBAL_ACCENT_COLOR_NAME = AccentColor;
				CODE_SIGN_STYLE = Automatic;
				CURRENT_PROJECT_VERSION = 1;
				GENERATE_INFOPLIST_FILE = YES;
				INFOPLIST_FILE = WEBSERVICES_API/Info.plist;
				INFOPLIST_KEY_UIApplicationSupportsIndirectInputEvents = YES;
				INFOPLIST_KEY_UILaunchStoryboardName = LaunchScreen;
				INFOPLIST_KEY_UIMainStoryboardFile = Main;
				INFOPLIST_KEY_UISupportedInterfaceOrientations_iPad = "UIInterfaceOrientationPortrait UIInterfaceOrientationPortraitUpsideDown UIInterfaceOrientationLandscapeLeft UIInterfaceOrientationLandscapeRight";
				INFOPLIST_KEY_UISupportedInterfaceOrientations_iPhone = "UIInterfaceOrientationPortrait UIInterfaceOrientationLandscapeLeft UIInterfaceOrientationLandscapeRight";
				LD_RUNPATH_SEARCH_PATHS = (
					"$(inherited)",
					"@executable_path/Frameworks",
				);
				MARKETING_VERSION = 1.0;
				PRODUCT_BUNDLE_IDENTIFIER = "Gurpreetkaur.WEBSERVICES-API";
				PRODUCT_NAME = "$(TARGET_NAME)";
				SWIFT_EMIT_LOC_STRINGS = YES;
				SWIFT_VERSION = 5.0;
				TARGETED_DEVICE_FAMILY = "1,2";
			};
			name = Debug;
		};
		15FA04ED290D9099004D35A4 /* Release */ = {
			isa = XCBuildConfiguration;
			buildSettings = {
				ASSETCATALOG_COMPILER_APPICON_NAME = AppIcon;
				ASSETCATALOG_COMPILER_GLOBAL_ACCENT_COLOR_NAME = AccentColor;
				CODE_SIGN_STYLE = Automatic;
				CURRENT_PROJECT_VERSION = 1;
				GENERATE_INFOPLIST_FILE = YES;
				INFOPLIST_FILE = WEBSERVICES_API/Info.plist;
				INFOPLIST_KEY_UIApplicationSupportsIndirectInputEvents = YES;
				INFOPLIST_KEY_UILaunchStoryboardName = LaunchScreen;
				INFOPLIST_KEY_UIMainStoryboardFile = Main;
				INFOPLIST_KEY_UISupportedInterfaceOrientations_iPad = "UIInterfaceOrientationPortrait UIInterfaceOrientationPortraitUpsideDown UIInterfaceOrientationLandscapeLeft UIInterfaceOrientationLandscapeRight";
				INFOPLIST_KEY_UISupportedInterfaceOrientations_iPhone = "UIInterfaceOrientationPortrait UIInterfaceOrientationLandscapeLeft UIInterfaceOrientationLandscapeRight";
				LD_RUNPATH_SEARCH_PATHS = (
					"$(inherited)",
					"@executable_path/Frameworks",
				);
				MARKETING_VERSION = 1.0;
				PRODUCT_BUNDLE_IDENTIFIER = "Gurpreetkaur.WEBSERVICES-API";
				PRODUCT_NAME = "$(TARGET_NAME)";
				SWIFT_EMIT_LOC_STRINGS = YES;
				SWIFT_VERSION = 5.0;
				TARGETED_DEVICE_FAMILY = "1,2";
			};
			name = Release;
		};
/* End XCBuildConfiguration section */

/* Begin XCConfigurationList section */
		15FA04D2290D9099004D35A4 /* Build configuration list for PBXProject "WEBSERVICES_API" */ = {
			isa = XCConfigurationList;
			buildConfigurations = (
				15FA04E9290D9099004D35A4 /* Debug */,
				15FA04EA290D9099004D35A4 /* Release */,
			);
			defaultConfigurationIsVisible = 0;
			defaultConfigurationName = Release;
		};
		15FA04EB290D9099004D35A4 /* Build configuration list for PBXNativeTarget "WEBSERVICES_API" */ = {
			isa = XCConfigurationList;
			buildConfigurations = (
				15FA04EC290D9099004D35A4 /* Debug */,
				15FA04ED290D9099004D35A4 /* Release */,
			);
			defaultConfigurationIsVisible = 0;
			defaultConfigurationName = Release;
		};
/* End XCConfigurationList section */
	};
	rootObject = 15FA04CF290D9099004D35A4 /* Project object */;
}
